
Microsoft Visual Studio Solution File, Format Version 12.00
# Visual Studio Version 17
VisualStudioVersion = 17.12.35728.132
MinimumVisualStudioVersion = 10.0.40219.1
Project("{2150E333-8FDC-42A3-9474-1A3956D46DE8}") = "src", "src", "{AEAC8692-30CB-44FE-B727-587B9C11FB5A}"
EndProject
Project("{2150E333-8FDC-42A3-9474-1A3956D46DE8}") = "tests", "tests", "{AEDF9697-8D5B-4E42-B5E6-E22CFD4A806B}"
EndProject
Project("{FAE04EC0-301F-11D3-BF4B-00C04F79EFBC}") = "HackerRank1.Domain", "src\HackerRank1.Domain\HackerRank1.Domain.csproj", "{5A859D4F-F025-4417-8CB2-C8293319BDFA}"
EndProject
Project("{FAE04EC0-301F-11D3-BF4B-00C04F79EFBC}") = "HackerRank1.Application", "src\HackerRank1.Application\HackerRank1.Application.csproj", "{E180642F-7B06-415C-A32B-DA8AE78F5AAD}"
EndProject
Project("{FAE04EC0-301F-11D3-BF4B-00C04F79EFBC}") = "HackerRank1.Infrastructure", "src\HackerRank1.Infrastructure\HackerRank1.Infrastructure.csproj", "{BEE2790B-E796-43FA-B20D-7D7DA84C6DD9}"
EndProject
Project("{FAE04EC0-301F-11D3-BF4B-00C04F79EFBC}") = "HackerRank1.API", "src\HackerRank1.API\HackerRank1.API.csproj", "{EF87149B-43AC-41B5-A422-16E54247E78D}"
EndProject
Project("{FAE04EC0-301F-11D3-BF4B-00C04F79EFBC}") = "LibraryService.Integration.Test", "tests\LibraryService.Integration.Test\LibraryService.Integration.Test.csproj", "{EBEA5836-C00D-443D-B656-6D8407348459}"
EndProject
Global
	GlobalSection(SolutionConfigurationPlatforms) = preSolution
		Debug|Any CPU = Debug|Any CPU
		Release|Any CPU = Release|Any CPU
	EndGlobalSection
	GlobalSection(ProjectConfigurationPlatforms) = postSolution
		{5A859D4F-F025-4417-8CB2-C8293319BDFA}.Debug|Any CPU.ActiveCfg = Debug|Any CPU
		{5A859D4F-F025-4417-8CB2-C8293319BDFA}.Debug|Any CPU.Build.0 = Debug|Any CPU
		{5A859D4F-F025-4417-8CB2-C8293319BDFA}.Release|Any CPU.ActiveCfg = Release|Any CPU
		{5A859D4F-F025-4417-8CB2-C8293319BDFA}.Release|Any CPU.Build.0 = Release|Any CPU
		{E180642F-7B06-415C-A32B-DA8AE78F5AAD}.Debug|Any CPU.ActiveCfg = Debug|Any CPU
		{E180642F-7B06-415C-A32B-DA8AE78F5AAD}.Debug|Any CPU.Build.0 = Debug|Any CPU
		{E180642F-7B06-415C-A32B-DA8AE78F5AAD}.Release|Any CPU.ActiveCfg = Release|Any CPU
		{E180642F-7B06-415C-A32B-DA8AE78F5AAD}.Release|Any CPU.Build.0 = Release|Any CPU
		{BEE2790B-E796-43FA-B20D-7D7DA84C6DD9}.Debug|Any CPU.ActiveCfg = Debug|Any CPU
		{BEE2790B-E796-43FA-B20D-7D7DA84C6DD9}.Debug|Any CPU.Build.0 = Debug|Any CPU
		{BEE2790B-E796-43FA-B20D-7D7DA84C6DD9}.Release|Any CPU.ActiveCfg = Release|Any CPU
		{BEE2790B-E796-43FA-B20D-7D7DA84C6DD9}.Release|Any CPU.Build.0 = Release|Any CPU
		{EF87149B-43AC-41B5-A422-16E54247E78D}.Debug|Any CPU.ActiveCfg = Debug|Any CPU
		{EF87149B-43AC-41B5-A422-16E54247E78D}.Debug|Any CPU.Build.0 = Debug|Any CPU
		{EF87149B-43AC-41B5-A422-16E54247E78D}.Release|Any CPU.ActiveCfg = Release|Any CPU
		{EF87149B-43AC-41B5-A422-16E54247E78D}.Release|Any CPU.Build.0 = Release|Any CPU
		{EBEA5836-C00D-443D-B656-6D8407348459}.Debug|Any CPU.ActiveCfg = Debug|Any CPU
		{EBEA5836-C00D-443D-B656-6D8407348459}.Debug|Any CPU.Build.0 = Debug|Any CPU
		{EBEA5836-C00D-443D-B656-6D8407348459}.Release|Any CPU.ActiveCfg = Release|Any CPU
		{EBEA5836-C00D-443D-B656-6D8407348459}.Release|Any CPU.Build.0 = Release|Any CPU
	EndGlobalSection
	GlobalSection(SolutionProperties) = preSolution
		HideSolutionNode = FALSE
	EndGlobalSection
	GlobalSection(NestedProjects) = preSolution
		{5A859D4F-F025-4417-8CB2-C8293319BDFA} = {AEAC8692-30CB-44FE-B727-587B9C11FB5A}
		{E180642F-7B06-415C-A32B-DA8AE78F5AAD} = {AEAC8692-30CB-44FE-B727-587B9C11FB5A}
		{BEE2790B-E796-43FA-B20D-7D7DA84C6DD9} = {AEAC8692-30CB-44FE-B727-587B9C11FB5A}
		{EF87149B-43AC-41B5-A422-16E54247E78D} = {AEAC8692-30CB-44FE-B727-587B9C11FB5A}
		{EBEA5836-C00D-443D-B656-6D8407348459} = {AEDF9697-8D5B-4E42-B5E6-E22CFD4A806B}
	EndGlobalSection
EndGlobal
